# THIS IS AN AUTOGENERATED FILE. DO NOT EDIT THIS FILE DIRECTLY.
# yarn lockfile v1


"@github/hotkey@^3.1.1":
  version "3.1.1"
  resolved "https://registry.npmjs.org/@github/hotkey/-/hotkey-3.1.1.tgz"
  integrity sha512-H30I6XDO3gFSgLuEuHoMBRZG9c3uCKNdAcYklL1FaZDPdU1bXfgjnpzGDPcUr0U6eGQ+T3XLY9slatwZYWL1dA==
